<?xml version="1.0" encoding="UTF-8" standalone="yes" ?>
<CodeBlocks_project_file>
	<FileVersion major="1" minor="6" />
	<Project>
		<Option title="algos" />
		<Option pch_mode="2" />
		<Option compiler="gcc" />
		<Build>
			<Target title="Debug">
				<Option output="bin/Debug/algos" prefix_auto="1" extension_auto="1" />
				<Option object_output="obj/Debug/" />
				<Option type="1" />
				<Option compiler="gcc" />
				<Compiler>
					<Add option="-g" />
					<Add directory="base_sort" />
					<Add directory="binary_search" />
					<Add directory="utils" />
					<Add directory="selection_sort" />
					<Add directory="bubble_sort" />
					<Add directory="insertion_sort" />
					<Add directory="euclid_gcd" />
					<Add directory="algorithm" />
					<Add directory="continuous_knapsack" />
					<Add directory="/home/invatamintulcea/Documents/algos/" />
					<Add directory="sieve_of_eratosthenes" />
					<Add directory="merge_sort" />
				</Compiler>
			</Target>
			<Target title="Release">
				<Option output="bin/Release/algos" prefix_auto="1" extension_auto="1" />
				<Option object_output="obj/Release/" />
				<Option type="1" />
				<Option compiler="gcc" />
				<Compiler>
					<Add option="-O2" />
				</Compiler>
				<Linker>
					<Add option="-s" />
				</Linker>
			</Target>
		</Build>
		<Compiler>
			<Add option="-Wall" />
		</Compiler>
		<UnitsGlob directory="../algos" wildcard="" recursive="1" id="2547989141" addToProject="1">
			<Option target="Debug" />
			<Option target="Release" />
		</UnitsGlob>
		<Unit filename=".gitignore" />
		<Unit filename="README.md" />
		<Unit filename="algorithm/Algorithm.cpp">
			<Option glob="2547989141" />
		</Unit>
		<Unit filename="algorithm/Algorithm.h">
			<Option glob="2547989141" />
		</Unit>
		<Unit filename="base_sort/BaseSort.cpp">
			<Option glob="2547989141" />
		</Unit>
		<Unit filename="base_sort/BaseSort.h">
			<Option glob="2547989141" />
		</Unit>
		<Unit filename="binary_search/BinarySearch.cpp">
			<Option glob="2547989141" />
		</Unit>
		<Unit filename="binary_search/BinarySearch.h">
			<Option glob="2547989141" />
		</Unit>
		<Unit filename="bubble_sort/BubbleSort.cpp">
			<Option glob="2547989141" />
		</Unit>
		<Unit filename="bubble_sort/BubbleSort.h">
			<Option glob="2547989141" />
		</Unit>
		<Unit filename="continuous_knapsack/ContinuousKnapsack.cpp">
			<Option glob="2547989141" />
		</Unit>
		<Unit filename="continuous_knapsack/ContinuousKnapsack.h">
			<Option glob="2547989141" />
		</Unit>
		<Unit filename="euclid_gcd/EuclidGCD.cpp">
			<Option glob="2547989141" />
		</Unit>
		<Unit filename="euclid_gcd/EuclidGCD.h">
			<Option glob="2547989141" />
		</Unit>
		<Unit filename="insertion_sort/InsertionSort.cpp">
			<Option glob="2547989141" />
		</Unit>
		<Unit filename="insertion_sort/InsertionSort.h">
			<Option glob="2547989141" />
		</Unit>
		<Unit filename="main.cpp">
			<Option glob="2547989141" />
		</Unit>
		<Unit filename="merge_sort/MergeSort.cpp">
			<Option glob="2547989141" />
		</Unit>
		<Unit filename="merge_sort/MergeSort.h">
			<Option glob="2547989141" />
		</Unit>
		<Unit filename="selection_sort/SelectionSort.cpp">
			<Option glob="2547989141" />
		</Unit>
		<Unit filename="selection_sort/SelectionSort.h">
			<Option glob="2547989141" />
		</Unit>
		<Unit filename="show_scheduler/ShowScheduler.cpp">
			<Option glob="2547989141" />
		</Unit>
		<Unit filename="show_scheduler/ShowScheduler.h">
			<Option glob="2547989141" />
		</Unit>
		<Unit filename="sieve_of_eratosthenes/SieveOfErathosthenes.cpp">
			<Option glob="2547989141" />
		</Unit>
		<Unit filename="sieve_of_eratosthenes/SieveOfErathosthenes.h">
			<Option glob="2547989141" />
		</Unit>
		<Unit filename="testers/ContinuousKnapsackTester.cpp">
			<Option glob="2547989141" />
		</Unit>
		<Unit filename="testers/ContinuousKnapsackTester.h">
			<Option glob="2547989141" />
		</Unit>
		<Unit filename="testers/GCDTester.cpp">
			<Option glob="2547989141" />
		</Unit>
		<Unit filename="testers/GCDTester.h">
			<Option glob="2547989141" />
		</Unit>
		<Unit filename="testers/PrimesLessThanNTester.cpp">
			<Option glob="2547989141" />
		</Unit>
		<Unit filename="testers/PrimesLessThanNTester.h">
			<Option glob="2547989141" />
		</Unit>
		<Unit filename="testers/SearchTester.cpp">
			<Option glob="2547989141" />
		</Unit>
		<Unit filename="testers/SearchTester.h">
			<Option glob="2547989141" />
		</Unit>
		<Unit filename="testers/ShowSchedulerTester.cpp">
			<Option glob="2547989141" />
		</Unit>
		<Unit filename="testers/ShowSchedulerTester.h">
			<Option glob="2547989141" />
		</Unit>
		<Unit filename="testers/SortingTester.cpp">
			<Option glob="2547989141" />
		</Unit>
		<Unit filename="testers/SortingTester.h">
			<Option glob="2547989141" />
		</Unit>
		<Unit filename="tests/gcd_tests.txt" />
		<Unit filename="tests/search_tests.txt" />
		<Unit filename="tests/sorting_tests.txt" />
		<Unit filename="utils/PVAFile.cpp">
			<Option glob="2547989141" />
		</Unit>
		<Unit filename="utils/PVAFile.h">
			<Option glob="2547989141" />
		</Unit>
		<Unit filename="utils/VectorOperations.cpp">
			<Option glob="2547989141" />
		</Unit>
		<Unit filename="utils/VectorOperations.h">
			<Option glob="2547989141" />
		</Unit>
		<Extensions />
	</Project>
</CodeBlocks_project_file>
